
Microsoft Visual Studio Solution File, Format Version 11.00
# Visual C# Express 2010
Project("{FAE04EC0-301F-11D3-BF4B-00C04F79EFBC}") = "EGroupware", "EGroupware\EGroupware.csproj", "{7FED275C-FA9E-4E03-BCFD-77830E9EED81}"
EndProject
Global
	GlobalSection(SolutionConfigurationPlatforms) = preSolution
		Debug|Any CPU = Debug|Any CPU
		Release|Any CPU = Release|Any CPU
	EndGlobalSection
	GlobalSection(ProjectConfigurationPlatforms) = postSolution
		{7FED275C-FA9E-4E03-BCFD-77830E9EED81}.Debug|Any CPU.ActiveCfg = Debug|Any CPU
		{7FED275C-FA9E-4E03-BCFD-77830E9EED81}.Debug|Any CPU.Build.0 = Debug|Any CPU
		{7FED275C-FA9E-4E03-BCFD-77830E9EED81}.Release|Any CPU.ActiveCfg = Release|Any CPU
		{7FED275C-FA9E-4E03-BCFD-77830E9EED81}.Release|Any CPU.Build.0 = Release|Any CPU
	EndGlobalSection
	GlobalSection(SolutionProperties) = preSolution
		HideSolutionNode = FALSE
	EndGlobalSection
EndGlobal
